
Microsoft Visual Studio Solution File, Format Version 12.00
# Visual Studio 15
VisualStudioVersion = 15.0.27004.2009
MinimumVisualStudioVersion = 10.0.40219.1
Project("{D2ABAB84-BF74-430A-B69E-9DC6D40DDA17}") = "DM Intermediate", "DM Intermediate\DM Intermediate.dwproj", "{1C883B1A-613C-473C-BABC-739DDC640793}"
EndProject
Global
	GlobalSection(SolutionConfigurationPlatforms) = preSolution
		Development|Default = Development|Default
	EndGlobalSection
	GlobalSection(ProjectConfigurationPlatforms) = postSolution
		{1C883B1A-613C-473C-BABC-739DDC640793}.Development|Default.ActiveCfg = Development
		{1C883B1A-613C-473C-BABC-739DDC640793}.Development|Default.Build.0 = Development
		{1C883B1A-613C-473C-BABC-739DDC640793}.Development|Default.Deploy.0 = Development
	EndGlobalSection
	GlobalSection(SolutionProperties) = preSolution
		HideSolutionNode = FALSE
	EndGlobalSection
	GlobalSection(ExtensibilityGlobals) = postSolution
		SolutionGuid = {B5B9ED80-714C-4EA0-950A-E6FDC9BB26FF}
	EndGlobalSection
EndGlobal
